
Microsoft Visual Studio Solution File, Format Version 11.00
# Visual C++ Express 2010
Project("{8BC9CEB8-8B4A-11D0-8D11-00A0C91BC942}") = "storygame", "storygame\storygame.vcxproj", "{E85B08C4-7311-45D9-B15C-5BDB0D6CA251}"
EndProject
Global
	GlobalSection(SolutionConfigurationPlatforms) = preSolution
		Debug|Win32 = Debug|Win32
		Release|Win32 = Release|Win32
	EndGlobalSection
	GlobalSection(ProjectConfigurationPlatforms) = postSolution
		{E85B08C4-7311-45D9-B15C-5BDB0D6CA251}.Debug|Win32.ActiveCfg = Debug|Win32
		{E85B08C4-7311-45D9-B15C-5BDB0D6CA251}.Debug|Win32.Build.0 = Debug|Win32
		{E85B08C4-7311-45D9-B15C-5BDB0D6CA251}.Release|Win32.ActiveCfg = Release|Win32
		{E85B08C4-7311-45D9-B15C-5BDB0D6CA251}.Release|Win32.Build.0 = Release|Win32
	EndGlobalSection
	GlobalSection(SolutionProperties) = preSolution
		HideSolutionNode = FALSE
	EndGlobalSection
EndGlobal
