
Microsoft Visual Studio Solution File, Format Version 11.00
# Visual C++ Express 2010
Project("{8BC9CEB8-8B4A-11D0-8D11-00A0C91BC942}") = "gamedesigners", "gamedesigners\gamedesigners.vcxproj", "{31D6A302-2FEE-4B42-A339-D0630B5A36C0}"
EndProject
Global
	GlobalSection(SolutionConfigurationPlatforms) = preSolution
		Debug|Win32 = Debug|Win32
		Release|Win32 = Release|Win32
	EndGlobalSection
	GlobalSection(ProjectConfigurationPlatforms) = postSolution
		{31D6A302-2FEE-4B42-A339-D0630B5A36C0}.Debug|Win32.ActiveCfg = Debug|Win32
		{31D6A302-2FEE-4B42-A339-D0630B5A36C0}.Debug|Win32.Build.0 = Debug|Win32
		{31D6A302-2FEE-4B42-A339-D0630B5A36C0}.Release|Win32.ActiveCfg = Release|Win32
		{31D6A302-2FEE-4B42-A339-D0630B5A36C0}.Release|Win32.Build.0 = Release|Win32
	EndGlobalSection
	GlobalSection(SolutionProperties) = preSolution
		HideSolutionNode = FALSE
	EndGlobalSection
EndGlobal
