
Microsoft Visual Studio Solution File, Format Version 11.00
# Visual C++ Express 2010
Project("{8BC9CEB8-8B4A-11D0-8D11-00A0C91BC942}") = "mulitiretunr", "mulitiretunr\mulitiretunr.vcxproj", "{6CBA557C-0DE1-4C88-8060-3081F3645EDD}"
EndProject
Global
	GlobalSection(SolutionConfigurationPlatforms) = preSolution
		Debug|Win32 = Debug|Win32
		Release|Win32 = Release|Win32
	EndGlobalSection
	GlobalSection(ProjectConfigurationPlatforms) = postSolution
		{6CBA557C-0DE1-4C88-8060-3081F3645EDD}.Debug|Win32.ActiveCfg = Debug|Win32
		{6CBA557C-0DE1-4C88-8060-3081F3645EDD}.Debug|Win32.Build.0 = Debug|Win32
		{6CBA557C-0DE1-4C88-8060-3081F3645EDD}.Release|Win32.ActiveCfg = Release|Win32
		{6CBA557C-0DE1-4C88-8060-3081F3645EDD}.Release|Win32.Build.0 = Release|Win32
	EndGlobalSection
	GlobalSection(SolutionProperties) = preSolution
		HideSolutionNode = FALSE
	EndGlobalSection
EndGlobal
