
Microsoft Visual Studio Solution File, Format Version 11.00
# Visual C++ Express 2010
Project("{8BC9CEB8-8B4A-11D0-8D11-00A0C91BC942}") = "hangman", "hangman\hangman.vcxproj", "{221554D9-B4C2-48D1-B8F4-A64072ADFBE9}"
EndProject
Global
	GlobalSection(SolutionConfigurationPlatforms) = preSolution
		Debug|Win32 = Debug|Win32
		Release|Win32 = Release|Win32
	EndGlobalSection
	GlobalSection(ProjectConfigurationPlatforms) = postSolution
		{221554D9-B4C2-48D1-B8F4-A64072ADFBE9}.Debug|Win32.ActiveCfg = Debug|Win32
		{221554D9-B4C2-48D1-B8F4-A64072ADFBE9}.Debug|Win32.Build.0 = Debug|Win32
		{221554D9-B4C2-48D1-B8F4-A64072ADFBE9}.Release|Win32.ActiveCfg = Release|Win32
		{221554D9-B4C2-48D1-B8F4-A64072ADFBE9}.Release|Win32.Build.0 = Release|Win32
	EndGlobalSection
	GlobalSection(SolutionProperties) = preSolution
		HideSolutionNode = FALSE
	EndGlobalSection
EndGlobal
