
Microsoft Visual Studio Solution File, Format Version 11.00
# Visual C++ Express 2010
Project("{8BC9CEB8-8B4A-11D0-8D11-00A0C91BC942}") = "healthgame", "healthgame\healthgame.vcxproj", "{51D1FF7A-A7E0-4348-A86D-C7F4AB82CC01}"
EndProject
Global
	GlobalSection(SolutionConfigurationPlatforms) = preSolution
		Debug|Win32 = Debug|Win32
		Release|Win32 = Release|Win32
	EndGlobalSection
	GlobalSection(ProjectConfigurationPlatforms) = postSolution
		{51D1FF7A-A7E0-4348-A86D-C7F4AB82CC01}.Debug|Win32.ActiveCfg = Debug|Win32
		{51D1FF7A-A7E0-4348-A86D-C7F4AB82CC01}.Debug|Win32.Build.0 = Debug|Win32
		{51D1FF7A-A7E0-4348-A86D-C7F4AB82CC01}.Release|Win32.ActiveCfg = Release|Win32
		{51D1FF7A-A7E0-4348-A86D-C7F4AB82CC01}.Release|Win32.Build.0 = Release|Win32
	EndGlobalSection
	GlobalSection(SolutionProperties) = preSolution
		HideSolutionNode = FALSE
	EndGlobalSection
EndGlobal
